
Microsoft Visual Studio Solution File, Format Version 12.00
# Visual Studio Version 17
VisualStudioVersion = 17.13.36105.23 d17.13
MinimumVisualStudioVersion = 10.0.40219.1
Project("{FAE04EC0-301F-11D3-BF4B-00C04F79EFBC}") = "类的组合", "类的组合\类的组合.csproj", "{8DA97E48-0ED6-4577-89A9-8504FFEEB3C3}"
EndProject
Global
	GlobalSection(SolutionConfigurationPlatforms) = preSolution
		Debug|Any CPU = Debug|Any CPU
		Release|Any CPU = Release|Any CPU
	EndGlobalSection
	GlobalSection(ProjectConfigurationPlatforms) = postSolution
		{8DA97E48-0ED6-4577-89A9-8504FFEEB3C3}.Debug|Any CPU.ActiveCfg = Debug|Any CPU
		{8DA97E48-0ED6-4577-89A9-8504FFEEB3C3}.Debug|Any CPU.Build.0 = Debug|Any CPU
		{8DA97E48-0ED6-4577-89A9-8504FFEEB3C3}.Release|Any CPU.ActiveCfg = Release|Any CPU
		{8DA97E48-0ED6-4577-89A9-8504FFEEB3C3}.Release|Any CPU.Build.0 = Release|Any CPU
	EndGlobalSection
	GlobalSection(SolutionProperties) = preSolution
		HideSolutionNode = FALSE
	EndGlobalSection
	GlobalSection(ExtensibilityGlobals) = postSolution
		SolutionGuid = {C1556CF4-C971-4922-AF29-45F97B61CF11}
	EndGlobalSection
EndGlobal
