
Microsoft Visual Studio Solution File, Format Version 12.00
# Visual Studio Version 17
VisualStudioVersion = 17.14.36327.8 d17.14
MinimumVisualStudioVersion = 10.0.40219.1
Project("{8BC9CEB8-8B4A-11D0-8D11-00A0C91BC942}") = "顺序表", "顺序表.vcxproj", "{BEE9B582-640B-4875-B12E-486C9DE78200}"
EndProject
Global
	GlobalSection(SolutionConfigurationPlatforms) = preSolution
		Debug|x64 = Debug|x64
		Debug|x86 = Debug|x86
		Release|x64 = Release|x64
		Release|x86 = Release|x86
	EndGlobalSection
	GlobalSection(ProjectConfigurationPlatforms) = postSolution
		{BEE9B582-640B-4875-B12E-486C9DE78200}.Debug|x64.ActiveCfg = Debug|x64
		{BEE9B582-640B-4875-B12E-486C9DE78200}.Debug|x64.Build.0 = Debug|x64
		{BEE9B582-640B-4875-B12E-486C9DE78200}.Debug|x86.ActiveCfg = Debug|Win32
		{BEE9B582-640B-4875-B12E-486C9DE78200}.Debug|x86.Build.0 = Debug|Win32
		{BEE9B582-640B-4875-B12E-486C9DE78200}.Release|x64.ActiveCfg = Release|x64
		{BEE9B582-640B-4875-B12E-486C9DE78200}.Release|x64.Build.0 = Release|x64
		{BEE9B582-640B-4875-B12E-486C9DE78200}.Release|x86.ActiveCfg = Release|Win32
		{BEE9B582-640B-4875-B12E-486C9DE78200}.Release|x86.Build.0 = Release|Win32
	EndGlobalSection
	GlobalSection(SolutionProperties) = preSolution
		HideSolutionNode = FALSE
	EndGlobalSection
	GlobalSection(ExtensibilityGlobals) = postSolution
		SolutionGuid = {3EA83872-A103-41B2-BED5-FA9A00567E15}
	EndGlobalSection
EndGlobal
