
Microsoft Visual Studio Solution File, Format Version 12.00
# Visual Studio Version 17
VisualStudioVersion = 17.13.36105.23 d17.13
MinimumVisualStudioVersion = 10.0.40219.1
Project("{FAE04EC0-301F-11D3-BF4B-00C04F79EFBC}") = "值和引用", "值和引用\值和引用.csproj", "{E4498DB1-48C6-4AB8-A9A4-B1CCE1BEEE02}"
EndProject
Global
	GlobalSection(SolutionConfigurationPlatforms) = preSolution
		Debug|Any CPU = Debug|Any CPU
		Release|Any CPU = Release|Any CPU
	EndGlobalSection
	GlobalSection(ProjectConfigurationPlatforms) = postSolution
		{E4498DB1-48C6-4AB8-A9A4-B1CCE1BEEE02}.Debug|Any CPU.ActiveCfg = Debug|Any CPU
		{E4498DB1-48C6-4AB8-A9A4-B1CCE1BEEE02}.Debug|Any CPU.Build.0 = Debug|Any CPU
		{E4498DB1-48C6-4AB8-A9A4-B1CCE1BEEE02}.Release|Any CPU.ActiveCfg = Release|Any CPU
		{E4498DB1-48C6-4AB8-A9A4-B1CCE1BEEE02}.Release|Any CPU.Build.0 = Release|Any CPU
	EndGlobalSection
	GlobalSection(SolutionProperties) = preSolution
		HideSolutionNode = FALSE
	EndGlobalSection
	GlobalSection(ExtensibilityGlobals) = postSolution
		SolutionGuid = {280323A5-3685-4194-9596-FD3A3E91AF67}
	EndGlobalSection
EndGlobal
