
Microsoft Visual Studio Solution File, Format Version 12.00
# Visual Studio Version 17
VisualStudioVersion = 17.13.35818.85 d17.13
MinimumVisualStudioVersion = 10.0.40219.1
Project("{FAE04EC0-301F-11D3-BF4B-00C04F79EFBC}") = "静态和属性", "静态和属性\静态和属性.csproj", "{B4675396-7586-459F-BC34-650E8183015B}"
EndProject
Global
	GlobalSection(SolutionConfigurationPlatforms) = preSolution
		Debug|Any CPU = Debug|Any CPU
		Release|Any CPU = Release|Any CPU
	EndGlobalSection
	GlobalSection(ProjectConfigurationPlatforms) = postSolution
		{B4675396-7586-459F-BC34-650E8183015B}.Debug|Any CPU.ActiveCfg = Debug|Any CPU
		{B4675396-7586-459F-BC34-650E8183015B}.Debug|Any CPU.Build.0 = Debug|Any CPU
		{B4675396-7586-459F-BC34-650E8183015B}.Release|Any CPU.ActiveCfg = Release|Any CPU
		{B4675396-7586-459F-BC34-650E8183015B}.Release|Any CPU.Build.0 = Release|Any CPU
	EndGlobalSection
	GlobalSection(SolutionProperties) = preSolution
		HideSolutionNode = FALSE
	EndGlobalSection
	GlobalSection(ExtensibilityGlobals) = postSolution
		SolutionGuid = {847A4BB0-D153-4D59-9630-EDB9071C1206}
	EndGlobalSection
EndGlobal
